
Microsoft Visual Studio Solution File, Format Version 11.00
# Visual Studio 2010
Project("{FAE04EC0-301F-11D3-BF4B-00C04F79EFBC}") = "CQRS", "CQRS\CQRS.csproj", "{1FB0B038-8471-49AE-8057-1B93A93CE56C}"
EndProject
Project("{FAE04EC0-301F-11D3-BF4B-00C04F79EFBC}") = "UnitTests", "UnitTests\UnitTests.csproj", "{E0662F52-7743-40EE-B7A9-63E7C1DF8D75}"
EndProject
Project("{FAE04EC0-301F-11D3-BF4B-00C04F79EFBC}") = "CQRS.Mongodb", "CQRS.EventStore.Mongodb\CQRS.Mongodb.csproj", "{12EC01C9-648C-40A2-A9C0-86236127B08B}"
EndProject
Project("{FAE04EC0-301F-11D3-BF4B-00C04F79EFBC}") = "CQRS.Container.NInject", "CQRS.Container.NInject\CQRS.Container.NInject.csproj", "{4569E05E-FE48-4F14-AD98-711A3254E701}"
EndProject
Global
	GlobalSection(SolutionConfigurationPlatforms) = preSolution
		Debug|Any CPU = Debug|Any CPU
		Debug|Mixed Platforms = Debug|Mixed Platforms
		Debug|x86 = Debug|x86
		Release|Any CPU = Release|Any CPU
		Release|Mixed Platforms = Release|Mixed Platforms
		Release|x86 = Release|x86
	EndGlobalSection
	GlobalSection(ProjectConfigurationPlatforms) = postSolution
		{1FB0B038-8471-49AE-8057-1B93A93CE56C}.Debug|Any CPU.ActiveCfg = Debug|Any CPU
		{1FB0B038-8471-49AE-8057-1B93A93CE56C}.Debug|Any CPU.Build.0 = Debug|Any CPU
		{1FB0B038-8471-49AE-8057-1B93A93CE56C}.Debug|Mixed Platforms.ActiveCfg = Debug|Any CPU
		{1FB0B038-8471-49AE-8057-1B93A93CE56C}.Debug|Mixed Platforms.Build.0 = Debug|Any CPU
		{1FB0B038-8471-49AE-8057-1B93A93CE56C}.Debug|x86.ActiveCfg = Debug|Any CPU
		{1FB0B038-8471-49AE-8057-1B93A93CE56C}.Release|Any CPU.ActiveCfg = Release|Any CPU
		{1FB0B038-8471-49AE-8057-1B93A93CE56C}.Release|Any CPU.Build.0 = Release|Any CPU
		{1FB0B038-8471-49AE-8057-1B93A93CE56C}.Release|Mixed Platforms.ActiveCfg = Release|Any CPU
		{1FB0B038-8471-49AE-8057-1B93A93CE56C}.Release|Mixed Platforms.Build.0 = Release|Any CPU
		{1FB0B038-8471-49AE-8057-1B93A93CE56C}.Release|x86.ActiveCfg = Release|Any CPU
		{E0662F52-7743-40EE-B7A9-63E7C1DF8D75}.Debug|Any CPU.ActiveCfg = Debug|Any CPU
		{E0662F52-7743-40EE-B7A9-63E7C1DF8D75}.Debug|Any CPU.Build.0 = Debug|Any CPU
		{E0662F52-7743-40EE-B7A9-63E7C1DF8D75}.Debug|Mixed Platforms.ActiveCfg = Debug|Any CPU
		{E0662F52-7743-40EE-B7A9-63E7C1DF8D75}.Debug|Mixed Platforms.Build.0 = Debug|Any CPU
		{E0662F52-7743-40EE-B7A9-63E7C1DF8D75}.Debug|x86.ActiveCfg = Debug|Any CPU
		{E0662F52-7743-40EE-B7A9-63E7C1DF8D75}.Release|Any CPU.ActiveCfg = Release|Any CPU
		{E0662F52-7743-40EE-B7A9-63E7C1DF8D75}.Release|Any CPU.Build.0 = Release|Any CPU
		{E0662F52-7743-40EE-B7A9-63E7C1DF8D75}.Release|Mixed Platforms.ActiveCfg = Release|Any CPU
		{E0662F52-7743-40EE-B7A9-63E7C1DF8D75}.Release|Mixed Platforms.Build.0 = Release|Any CPU
		{E0662F52-7743-40EE-B7A9-63E7C1DF8D75}.Release|x86.ActiveCfg = Release|Any CPU
		{12EC01C9-648C-40A2-A9C0-86236127B08B}.Debug|Any CPU.ActiveCfg = Debug|Any CPU
		{12EC01C9-648C-40A2-A9C0-86236127B08B}.Debug|Any CPU.Build.0 = Debug|Any CPU
		{12EC01C9-648C-40A2-A9C0-86236127B08B}.Debug|Mixed Platforms.ActiveCfg = Debug|Any CPU
		{12EC01C9-648C-40A2-A9C0-86236127B08B}.Debug|Mixed Platforms.Build.0 = Debug|Any CPU
		{12EC01C9-648C-40A2-A9C0-86236127B08B}.Debug|x86.ActiveCfg = Debug|Any CPU
		{12EC01C9-648C-40A2-A9C0-86236127B08B}.Release|Any CPU.ActiveCfg = Release|Any CPU
		{12EC01C9-648C-40A2-A9C0-86236127B08B}.Release|Any CPU.Build.0 = Release|Any CPU
		{12EC01C9-648C-40A2-A9C0-86236127B08B}.Release|Mixed Platforms.ActiveCfg = Release|Any CPU
		{12EC01C9-648C-40A2-A9C0-86236127B08B}.Release|Mixed Platforms.Build.0 = Release|Any CPU
		{12EC01C9-648C-40A2-A9C0-86236127B08B}.Release|x86.ActiveCfg = Release|Any CPU
		{4569E05E-FE48-4F14-AD98-711A3254E701}.Debug|Any CPU.ActiveCfg = Debug|Any CPU
		{4569E05E-FE48-4F14-AD98-711A3254E701}.Debug|Any CPU.Build.0 = Debug|Any CPU
		{4569E05E-FE48-4F14-AD98-711A3254E701}.Debug|Mixed Platforms.ActiveCfg = Debug|Any CPU
		{4569E05E-FE48-4F14-AD98-711A3254E701}.Debug|Mixed Platforms.Build.0 = Debug|Any CPU
		{4569E05E-FE48-4F14-AD98-711A3254E701}.Debug|x86.ActiveCfg = Debug|Any CPU
		{4569E05E-FE48-4F14-AD98-711A3254E701}.Release|Any CPU.ActiveCfg = Release|Any CPU
		{4569E05E-FE48-4F14-AD98-711A3254E701}.Release|Any CPU.Build.0 = Release|Any CPU
		{4569E05E-FE48-4F14-AD98-711A3254E701}.Release|Mixed Platforms.ActiveCfg = Release|Any CPU
		{4569E05E-FE48-4F14-AD98-711A3254E701}.Release|Mixed Platforms.Build.0 = Release|Any CPU
		{4569E05E-FE48-4F14-AD98-711A3254E701}.Release|x86.ActiveCfg = Release|Any CPU
	EndGlobalSection
	GlobalSection(SolutionProperties) = preSolution
		HideSolutionNode = FALSE
	EndGlobalSection
EndGlobal
